
Microsoft Visual Studio Solution File, Format Version 12.00
# Visual Studio 15
VisualStudioVersion = 15.0.26430.15
MinimumVisualStudioVersion = 10.0.40219.1
Project("{FAE04EC0-301F-11D3-BF4B-00C04F79EFBC}") = "EntityFramework.CommonTools", "EntityFramework.CommonTools\EntityFramework.CommonTools.csproj", "{1760A172-08A0-4232-B507-55E08971E87D}"
EndProject
Project("{9A19103F-16F7-4668-BE54-9A1E7A4F7556}") = "EntityFrameworkCore.CommonTools", "EFCore.CommonTools\EntityFrameworkCore.CommonTools.csproj", "{4962545A-A94C-41A9-8C04-B9432F9A9058}"
EndProject
Project("{FAE04EC0-301F-11D3-BF4B-00C04F79EFBC}") = "EntityFramework.CommonTools.Tests", "EntityFramework.CommonTools.Tests\EntityFramework.CommonTools.Tests.csproj", "{B0EB94E6-C524-472F-B276-C8B992BB5092}"
EndProject
Project("{9A19103F-16F7-4668-BE54-9A1E7A4F7556}") = "EntityFrameworkCore.CommonTools.Tests", "EFCore.CommonTools.Tests\EntityFrameworkCore.CommonTools.Tests.csproj", "{3496C87F-E595-44F3-AB3C-E678A38DA950}"
EndProject
Project("{FAE04EC0-301F-11D3-BF4B-00C04F79EFBC}") = "EntityFramework.CommonTools.Benchmarks", "EntityFramework.CommonTools.Benchmarks\EntityFramework.CommonTools.Benchmarks.csproj", "{01646964-497E-43A0-897C-267A3D04F429}"
EndProject
Project("{FAE04EC0-301F-11D3-BF4B-00C04F79EFBC}") = "EntityFrameworkCore.CommonTools.Benchmarks", "EFCore.CommonTools.Benchmarks\EntityFrameworkCore.CommonTools.Benchmarks.csproj", "{F2C1ED95-5CB7-4125-B244-3E1AE983B96E}"
EndProject
Global
	GlobalSection(SolutionConfigurationPlatforms) = preSolution
		Debug|Any CPU = Debug|Any CPU
		Release|Any CPU = Release|Any CPU
	EndGlobalSection
	GlobalSection(ProjectConfigurationPlatforms) = postSolution
		{1760A172-08A0-4232-B507-55E08971E87D}.Debug|Any CPU.ActiveCfg = Debug|Any CPU
		{1760A172-08A0-4232-B507-55E08971E87D}.Debug|Any CPU.Build.0 = Debug|Any CPU
		{1760A172-08A0-4232-B507-55E08971E87D}.Release|Any CPU.ActiveCfg = Release|Any CPU
		{1760A172-08A0-4232-B507-55E08971E87D}.Release|Any CPU.Build.0 = Release|Any CPU
		{4962545A-A94C-41A9-8C04-B9432F9A9058}.Debug|Any CPU.ActiveCfg = Debug|Any CPU
		{4962545A-A94C-41A9-8C04-B9432F9A9058}.Debug|Any CPU.Build.0 = Debug|Any CPU
		{4962545A-A94C-41A9-8C04-B9432F9A9058}.Release|Any CPU.ActiveCfg = Release|Any CPU
		{4962545A-A94C-41A9-8C04-B9432F9A9058}.Release|Any CPU.Build.0 = Release|Any CPU
		{B0EB94E6-C524-472F-B276-C8B992BB5092}.Debug|Any CPU.ActiveCfg = Debug|Any CPU
		{B0EB94E6-C524-472F-B276-C8B992BB5092}.Debug|Any CPU.Build.0 = Debug|Any CPU
		{B0EB94E6-C524-472F-B276-C8B992BB5092}.Release|Any CPU.ActiveCfg = Release|Any CPU
		{B0EB94E6-C524-472F-B276-C8B992BB5092}.Release|Any CPU.Build.0 = Release|Any CPU
		{3496C87F-E595-44F3-AB3C-E678A38DA950}.Debug|Any CPU.ActiveCfg = Debug|Any CPU
		{3496C87F-E595-44F3-AB3C-E678A38DA950}.Debug|Any CPU.Build.0 = Debug|Any CPU
		{3496C87F-E595-44F3-AB3C-E678A38DA950}.Release|Any CPU.ActiveCfg = Release|Any CPU
		{3496C87F-E595-44F3-AB3C-E678A38DA950}.Release|Any CPU.Build.0 = Release|Any CPU
		{01646964-497E-43A0-897C-267A3D04F429}.Debug|Any CPU.ActiveCfg = Debug|Any CPU
		{01646964-497E-43A0-897C-267A3D04F429}.Debug|Any CPU.Build.0 = Debug|Any CPU
		{01646964-497E-43A0-897C-267A3D04F429}.Release|Any CPU.ActiveCfg = Release|Any CPU
		{01646964-497E-43A0-897C-267A3D04F429}.Release|Any CPU.Build.0 = Release|Any CPU
		{F2C1ED95-5CB7-4125-B244-3E1AE983B96E}.Debug|Any CPU.ActiveCfg = Debug|Any CPU
		{F2C1ED95-5CB7-4125-B244-3E1AE983B96E}.Debug|Any CPU.Build.0 = Debug|Any CPU
		{F2C1ED95-5CB7-4125-B244-3E1AE983B96E}.Release|Any CPU.ActiveCfg = Release|Any CPU
		{F2C1ED95-5CB7-4125-B244-3E1AE983B96E}.Release|Any CPU.Build.0 = Release|Any CPU
	EndGlobalSection
	GlobalSection(SolutionProperties) = preSolution
		HideSolutionNode = FALSE
	EndGlobalSection
EndGlobal
